
Microsoft Visual Studio Solution File, Format Version 12.00
# Visual Studio 15
VisualStudioVersion = 15.0.27703.2042
MinimumVisualStudioVersion = 10.0.40219.1
Project("{FAE04EC0-301F-11D3-BF4B-00C04F79EFBC}") = "JamieHighfield.CredentialProvider", "JamieHighfield.CredentialProvider\JamieHighfield.CredentialProvider.csproj", "{36D5CE8A-6034-4CF5-8089-444BF71AB6A4}"
EndProject
Project("{FAE04EC0-301F-11D3-BF4B-00C04F79EFBC}") = "JamieHighfield.CredentialProvider.Sample", "JamieHighfield.CredentialProvider.Sample\JamieHighfield.CredentialProvider.Sample.csproj", "{63EB9B9A-258C-4808-8CBA-4CDF14127CAA}"
EndProject
Project("{FAE04EC0-301F-11D3-BF4B-00C04F79EFBC}") = "JamieHighfield.CredentialProvider.Registration", "JamieHighfield.CredentialProvider.Registration\JamieHighfield.CredentialProvider.Registration.csproj", "{D55116C7-6553-4DC2-9952-29FF7E1D7C7A}"
EndProject
Project("{FAE04EC0-301F-11D3-BF4B-00C04F79EFBC}") = "JamieHighfield.CredentialProvider.RegistrationUI", "JamieHighfield.CredentialProvider.RegistrationUI\JamieHighfield.CredentialProvider.RegistrationUI.csproj", "{9BB6A161-7919-49DC-89A3-5C104CFC84DB}"
EndProject
Project("{2150E333-8FDC-42A3-9474-1A3956D46DE8}") = "Solution Items", "Solution Items", "{FE680912-3024-489B-9524-7AD0FB086C17}"
	ProjectSection(SolutionItems) = preProject
		credprovinterop64.dll = credprovinterop64.dll
		LICENSE = LICENSE
		README.md = README.md
	EndProjectSection
EndProject
Global
	GlobalSection(SolutionConfigurationPlatforms) = preSolution
		Debug|x64 = Debug|x64
		Debug|x86 = Debug|x86
		Release|x64 = Release|x64
		Release|x86 = Release|x86
	EndGlobalSection
	GlobalSection(ProjectConfigurationPlatforms) = postSolution
		{36D5CE8A-6034-4CF5-8089-444BF71AB6A4}.Debug|x64.ActiveCfg = Debug|x64
		{36D5CE8A-6034-4CF5-8089-444BF71AB6A4}.Debug|x64.Build.0 = Debug|x64
		{36D5CE8A-6034-4CF5-8089-444BF71AB6A4}.Debug|x86.ActiveCfg = Debug|x86
		{36D5CE8A-6034-4CF5-8089-444BF71AB6A4}.Debug|x86.Build.0 = Debug|x86
		{36D5CE8A-6034-4CF5-8089-444BF71AB6A4}.Release|x64.ActiveCfg = Release|x64
		{36D5CE8A-6034-4CF5-8089-444BF71AB6A4}.Release|x64.Build.0 = Release|x64
		{36D5CE8A-6034-4CF5-8089-444BF71AB6A4}.Release|x86.ActiveCfg = Release|x86
		{36D5CE8A-6034-4CF5-8089-444BF71AB6A4}.Release|x86.Build.0 = Release|x86
		{63EB9B9A-258C-4808-8CBA-4CDF14127CAA}.Debug|x64.ActiveCfg = Debug|x64
		{63EB9B9A-258C-4808-8CBA-4CDF14127CAA}.Debug|x64.Build.0 = Debug|x64
		{63EB9B9A-258C-4808-8CBA-4CDF14127CAA}.Debug|x86.ActiveCfg = Debug|x86
		{63EB9B9A-258C-4808-8CBA-4CDF14127CAA}.Debug|x86.Build.0 = Debug|x86
		{63EB9B9A-258C-4808-8CBA-4CDF14127CAA}.Release|x64.ActiveCfg = Release|x64
		{63EB9B9A-258C-4808-8CBA-4CDF14127CAA}.Release|x64.Build.0 = Release|x64
		{63EB9B9A-258C-4808-8CBA-4CDF14127CAA}.Release|x86.ActiveCfg = Release|x86
		{63EB9B9A-258C-4808-8CBA-4CDF14127CAA}.Release|x86.Build.0 = Release|x86
		{D55116C7-6553-4DC2-9952-29FF7E1D7C7A}.Debug|x64.ActiveCfg = Debug|x64
		{D55116C7-6553-4DC2-9952-29FF7E1D7C7A}.Debug|x64.Build.0 = Debug|x64
		{D55116C7-6553-4DC2-9952-29FF7E1D7C7A}.Debug|x86.ActiveCfg = Debug|x86
		{D55116C7-6553-4DC2-9952-29FF7E1D7C7A}.Debug|x86.Build.0 = Debug|x86
		{D55116C7-6553-4DC2-9952-29FF7E1D7C7A}.Release|x64.ActiveCfg = Release|x64
		{D55116C7-6553-4DC2-9952-29FF7E1D7C7A}.Release|x64.Build.0 = Release|x64
		{D55116C7-6553-4DC2-9952-29FF7E1D7C7A}.Release|x86.ActiveCfg = Release|x86
		{D55116C7-6553-4DC2-9952-29FF7E1D7C7A}.Release|x86.Build.0 = Release|x86
		{9BB6A161-7919-49DC-89A3-5C104CFC84DB}.Debug|x64.ActiveCfg = Debug|x64
		{9BB6A161-7919-49DC-89A3-5C104CFC84DB}.Debug|x64.Build.0 = Debug|x64
		{9BB6A161-7919-49DC-89A3-5C104CFC84DB}.Debug|x86.ActiveCfg = Debug|x86
		{9BB6A161-7919-49DC-89A3-5C104CFC84DB}.Debug|x86.Build.0 = Debug|x86
		{9BB6A161-7919-49DC-89A3-5C104CFC84DB}.Release|x64.ActiveCfg = Release|x64
		{9BB6A161-7919-49DC-89A3-5C104CFC84DB}.Release|x64.Build.0 = Release|x64
		{9BB6A161-7919-49DC-89A3-5C104CFC84DB}.Release|x86.ActiveCfg = Release|x86
		{9BB6A161-7919-49DC-89A3-5C104CFC84DB}.Release|x86.Build.0 = Release|x86
	EndGlobalSection
	GlobalSection(SolutionProperties) = preSolution
		HideSolutionNode = FALSE
	EndGlobalSection
	GlobalSection(ExtensibilityGlobals) = postSolution
		SolutionGuid = {FA6034DE-14D9-4021-992B-7C3A9B6F3AFE}
	EndGlobalSection
EndGlobal
